
Microsoft Visual Studio Solution File, Format Version 12.00
# Visual Studio Version 17
VisualStudioVersion = 17.6.33801.468
MinimumVisualStudioVersion = 10.0.40219.1
Project("{FAE04EC0-301F-11D3-BF4B-00C04F79EFBC}") = "MVCPractical09", "MVCPractical09.csproj", "{8719AE95-021F-4DE3-ABCA-2E201D3A1F0B}"
EndProject
Project("{FAE04EC0-301F-11D3-BF4B-00C04F79EFBC}") = "MVCPracticals.Tests", "..\MVCPracticals.Tests\MVCPracticals.Tests.csproj", "{A17C243D-CA20-4481-8EA2-5872C4C39587}"
EndProject
Project("{FAE04EC0-301F-11D3-BF4B-00C04F79EFBC}") = "MVCPractical10", "..\MVCPractical10\MVCPractical10.csproj", "{1FA4717F-9C2A-4B1C-ADDD-5AFC3700873B}"
EndProject
Project("{FAE04EC0-301F-11D3-BF4B-00C04F79EFBC}") = "MVCPractical11_1", "..\MVCPractical11_1\MVCPractical11_1.csproj", "{7E99952D-9804-4D38-8F3D-206799629387}"
EndProject
Project("{FAE04EC0-301F-11D3-BF4B-00C04F79EFBC}") = "MVCPractical11_2", "..\MVCPractical11_2\MVCPractical11_2.csproj", "{47CB7EAA-6B24-4EE5-80F1-1D6639CAB4C9}"
EndProject
Project("{FAE04EC0-301F-11D3-BF4B-00C04F79EFBC}") = "MVCPractical12", "..\MVCPractical12\MVCPractical12.csproj", "{3068387D-6E09-4E70-B9D7-32A2939F11A9}"
EndProject
Project("{FAE04EC0-301F-11D3-BF4B-00C04F79EFBC}") = "MVCPractical14", "..\MVCPractical14\MVCPractical14.csproj", "{A643A2C6-A907-4564-8E79-73C54582342B}"
EndProject
Project("{FAE04EC0-301F-11D3-BF4B-00C04F79EFBC}") = "MVCPractical13_1", "..\MVCPractical13_1\MVCPractical13_1.csproj", "{4AF897C4-D553-4C8A-8FA0-2311ECFD5934}"
EndProject
Project("{FAE04EC0-301F-11D3-BF4B-00C04F79EFBC}") = "MVCPractical13_2", "..\MVCPractical13_2\MVCPractical13_2.csproj", "{18F8F12D-C018-4EE1-A31C-5EE8E6129C16}"
EndProject
Project("{FAE04EC0-301F-11D3-BF4B-00C04F79EFBC}") = "MVCPractical15_2", "..\MVCPractical15_2\MVCPractical15_2.csproj", "{86374722-969F-445E-B2D3-01AE490E732C}"
EndProject
Project("{FAE04EC0-301F-11D3-BF4B-00C04F79EFBC}") = "MVCPractical15_1", "..\MVCPractical15_1\MVCPractical15_1.csproj", "{2BD9A937-5ABB-4E61-8383-BEC75D7BEB25}"
EndProject
Global
	GlobalSection(SolutionConfigurationPlatforms) = preSolution
		Debug|Any CPU = Debug|Any CPU
		Release|Any CPU = Release|Any CPU
	EndGlobalSection
	GlobalSection(ProjectConfigurationPlatforms) = postSolution
		{8719AE95-021F-4DE3-ABCA-2E201D3A1F0B}.Debug|Any CPU.ActiveCfg = Debug|Any CPU
		{8719AE95-021F-4DE3-ABCA-2E201D3A1F0B}.Debug|Any CPU.Build.0 = Debug|Any CPU
		{8719AE95-021F-4DE3-ABCA-2E201D3A1F0B}.Release|Any CPU.ActiveCfg = Release|Any CPU
		{8719AE95-021F-4DE3-ABCA-2E201D3A1F0B}.Release|Any CPU.Build.0 = Release|Any CPU
		{A17C243D-CA20-4481-8EA2-5872C4C39587}.Debug|Any CPU.ActiveCfg = Debug|Any CPU
		{A17C243D-CA20-4481-8EA2-5872C4C39587}.Debug|Any CPU.Build.0 = Debug|Any CPU
		{A17C243D-CA20-4481-8EA2-5872C4C39587}.Release|Any CPU.ActiveCfg = Release|Any CPU
		{A17C243D-CA20-4481-8EA2-5872C4C39587}.Release|Any CPU.Build.0 = Release|Any CPU
		{1FA4717F-9C2A-4B1C-ADDD-5AFC3700873B}.Debug|Any CPU.ActiveCfg = Debug|Any CPU
		{1FA4717F-9C2A-4B1C-ADDD-5AFC3700873B}.Debug|Any CPU.Build.0 = Debug|Any CPU
		{1FA4717F-9C2A-4B1C-ADDD-5AFC3700873B}.Release|Any CPU.ActiveCfg = Release|Any CPU
		{1FA4717F-9C2A-4B1C-ADDD-5AFC3700873B}.Release|Any CPU.Build.0 = Release|Any CPU
		{7E99952D-9804-4D38-8F3D-206799629387}.Debug|Any CPU.ActiveCfg = Debug|Any CPU
		{7E99952D-9804-4D38-8F3D-206799629387}.Debug|Any CPU.Build.0 = Debug|Any CPU
		{7E99952D-9804-4D38-8F3D-206799629387}.Release|Any CPU.ActiveCfg = Release|Any CPU
		{7E99952D-9804-4D38-8F3D-206799629387}.Release|Any CPU.Build.0 = Release|Any CPU
		{47CB7EAA-6B24-4EE5-80F1-1D6639CAB4C9}.Debug|Any CPU.ActiveCfg = Debug|Any CPU
		{47CB7EAA-6B24-4EE5-80F1-1D6639CAB4C9}.Debug|Any CPU.Build.0 = Debug|Any CPU
		{47CB7EAA-6B24-4EE5-80F1-1D6639CAB4C9}.Release|Any CPU.ActiveCfg = Release|Any CPU
		{47CB7EAA-6B24-4EE5-80F1-1D6639CAB4C9}.Release|Any CPU.Build.0 = Release|Any CPU
		{3068387D-6E09-4E70-B9D7-32A2939F11A9}.Debug|Any CPU.ActiveCfg = Debug|Any CPU
		{3068387D-6E09-4E70-B9D7-32A2939F11A9}.Debug|Any CPU.Build.0 = Debug|Any CPU
		{3068387D-6E09-4E70-B9D7-32A2939F11A9}.Release|Any CPU.ActiveCfg = Release|Any CPU
		{3068387D-6E09-4E70-B9D7-32A2939F11A9}.Release|Any CPU.Build.0 = Release|Any CPU
		{A643A2C6-A907-4564-8E79-73C54582342B}.Debug|Any CPU.ActiveCfg = Debug|Any CPU
		{A643A2C6-A907-4564-8E79-73C54582342B}.Debug|Any CPU.Build.0 = Debug|Any CPU
		{A643A2C6-A907-4564-8E79-73C54582342B}.Release|Any CPU.ActiveCfg = Release|Any CPU
		{A643A2C6-A907-4564-8E79-73C54582342B}.Release|Any CPU.Build.0 = Release|Any CPU
		{4AF897C4-D553-4C8A-8FA0-2311ECFD5934}.Debug|Any CPU.ActiveCfg = Debug|Any CPU
		{4AF897C4-D553-4C8A-8FA0-2311ECFD5934}.Debug|Any CPU.Build.0 = Debug|Any CPU
		{4AF897C4-D553-4C8A-8FA0-2311ECFD5934}.Release|Any CPU.ActiveCfg = Release|Any CPU
		{4AF897C4-D553-4C8A-8FA0-2311ECFD5934}.Release|Any CPU.Build.0 = Release|Any CPU
		{18F8F12D-C018-4EE1-A31C-5EE8E6129C16}.Debug|Any CPU.ActiveCfg = Debug|Any CPU
		{18F8F12D-C018-4EE1-A31C-5EE8E6129C16}.Debug|Any CPU.Build.0 = Debug|Any CPU
		{18F8F12D-C018-4EE1-A31C-5EE8E6129C16}.Release|Any CPU.ActiveCfg = Release|Any CPU
		{18F8F12D-C018-4EE1-A31C-5EE8E6129C16}.Release|Any CPU.Build.0 = Release|Any CPU
		{86374722-969F-445E-B2D3-01AE490E732C}.Debug|Any CPU.ActiveCfg = Debug|Any CPU
		{86374722-969F-445E-B2D3-01AE490E732C}.Debug|Any CPU.Build.0 = Debug|Any CPU
		{86374722-969F-445E-B2D3-01AE490E732C}.Release|Any CPU.ActiveCfg = Release|Any CPU
		{86374722-969F-445E-B2D3-01AE490E732C}.Release|Any CPU.Build.0 = Release|Any CPU
		{2BD9A937-5ABB-4E61-8383-BEC75D7BEB25}.Debug|Any CPU.ActiveCfg = Debug|Any CPU
		{2BD9A937-5ABB-4E61-8383-BEC75D7BEB25}.Debug|Any CPU.Build.0 = Debug|Any CPU
		{2BD9A937-5ABB-4E61-8383-BEC75D7BEB25}.Release|Any CPU.ActiveCfg = Release|Any CPU
		{2BD9A937-5ABB-4E61-8383-BEC75D7BEB25}.Release|Any CPU.Build.0 = Release|Any CPU
	EndGlobalSection
	GlobalSection(SolutionProperties) = preSolution
		HideSolutionNode = FALSE
	EndGlobalSection
	GlobalSection(ExtensibilityGlobals) = postSolution
		SolutionGuid = {4A4EA940-D341-4D8C-8425-A524C6BE7AC2}
	EndGlobalSection
EndGlobal
